
Microsoft Visual Studio Solution File, Format Version 12.00
# Visual Studio 15
VisualStudioVersion = 15.0.27428.2027
MinimumVisualStudioVersion = 10.0.40219.1
Project("{FAE04EC0-301F-11D3-BF4B-00C04F79EFBC}") = "WPF-HackerScreenSaver", "WPF-HackerScreenSaver\WPF-HackerScreenSaver.csproj", "{DD593C44-C170-4D94-8BE8-D97E9C41B4D8}"
EndProject
Global
	GlobalSection(SolutionConfigurationPlatforms) = preSolution
		Debug|Any CPU = Debug|Any CPU
		Release|Any CPU = Release|Any CPU
	EndGlobalSection
	GlobalSection(ProjectConfigurationPlatforms) = postSolution
		{DD593C44-C170-4D94-8BE8-D97E9C41B4D8}.Debug|Any CPU.ActiveCfg = Debug|Any CPU
		{DD593C44-C170-4D94-8BE8-D97E9C41B4D8}.Debug|Any CPU.Build.0 = Debug|Any CPU
		{DD593C44-C170-4D94-8BE8-D97E9C41B4D8}.Release|Any CPU.ActiveCfg = Release|Any CPU
		{DD593C44-C170-4D94-8BE8-D97E9C41B4D8}.Release|Any CPU.Build.0 = Release|Any CPU
	EndGlobalSection
	GlobalSection(SolutionProperties) = preSolution
		HideSolutionNode = FALSE
	EndGlobalSection
	GlobalSection(ExtensibilityGlobals) = postSolution
		SolutionGuid = {A13BE1C6-3E27-4C95-9FD6-26463B21D5B9}
	EndGlobalSection
EndGlobal
